
Microsoft Visual Studio Solution File, Format Version 12.00
# Visual Studio Version 16
VisualStudioVersion = 16.0.29519.181
MinimumVisualStudioVersion = 10.0.40219.1
Project("{FAE04EC0-301F-11D3-BF4B-00C04F79EFBC}") = "DepartmentsEmployeesAPI", "DepartmentsEmployeesAPI\DepartmentsEmployeesAPI.csproj", "{DA312334-0911-47DD-B6CF-880126BCD936}"
EndProject
Global
	GlobalSection(SolutionConfigurationPlatforms) = preSolution
		Debug|Any CPU = Debug|Any CPU
		Release|Any CPU = Release|Any CPU
	EndGlobalSection
	GlobalSection(ProjectConfigurationPlatforms) = postSolution
		{DA312334-0911-47DD-B6CF-880126BCD936}.Debug|Any CPU.ActiveCfg = Debug|Any CPU
		{DA312334-0911-47DD-B6CF-880126BCD936}.Debug|Any CPU.Build.0 = Debug|Any CPU
		{DA312334-0911-47DD-B6CF-880126BCD936}.Release|Any CPU.ActiveCfg = Release|Any CPU
		{DA312334-0911-47DD-B6CF-880126BCD936}.Release|Any CPU.Build.0 = Release|Any CPU
	EndGlobalSection
	GlobalSection(SolutionProperties) = preSolution
		HideSolutionNode = FALSE
	EndGlobalSection
	GlobalSection(ExtensibilityGlobals) = postSolution
		SolutionGuid = {044E8E39-C0CF-4EEB-B13F-1262BD831D47}
	EndGlobalSection
EndGlobal
